
Microsoft Visual Studio Solution File, Format Version 12.00
# Visual Studio Version 17
VisualStudioVersion = 17.7.34031.279
MinimumVisualStudioVersion = 10.0.40219.1
Project("{FAE04EC0-301F-11D3-BF4B-00C04F79EFBC}") = "23dh111133_BE_MyStore", "23dh111133_BE_MyStore\23dh111133_BE_MyStore.csproj", "{C13AB8EB-6521-4214-B7F4-4F80E56953FA}"
EndProject
Global
	GlobalSection(SolutionConfigurationPlatforms) = preSolution
		Debug|Any CPU = Debug|Any CPU
		Release|Any CPU = Release|Any CPU
	EndGlobalSection
	GlobalSection(ProjectConfigurationPlatforms) = postSolution
		{C13AB8EB-6521-4214-B7F4-4F80E56953FA}.Debug|Any CPU.ActiveCfg = Debug|Any CPU
		{C13AB8EB-6521-4214-B7F4-4F80E56953FA}.Debug|Any CPU.Build.0 = Debug|Any CPU
		{C13AB8EB-6521-4214-B7F4-4F80E56953FA}.Release|Any CPU.ActiveCfg = Release|Any CPU
		{C13AB8EB-6521-4214-B7F4-4F80E56953FA}.Release|Any CPU.Build.0 = Release|Any CPU
	EndGlobalSection
	GlobalSection(SolutionProperties) = preSolution
		HideSolutionNode = FALSE
	EndGlobalSection
	GlobalSection(ExtensibilityGlobals) = postSolution
		SolutionGuid = {83E9C77B-5228-42E5-AC12-C9F2AB89021E}
	EndGlobalSection
EndGlobal
